// !$*UTF8*$!
{
	archiveVersion = 1;
	classes = {
	};
	objectVersion = 50;
	objects = {

/* Begin PBXBuildFile section */
		95EA874A25E57E920024260C /* AppDelegate.swift in Sources */ = {isa = PBXBuildFile; fileRef = 95EA874925E57E920024260C /* AppDelegate.swift */; };
		95EA874C25E57E920024260C /* SceneDelegate.swift in Sources */ = {isa = PBXBuildFile; fileRef = 95EA874B25E57E920024260C /* SceneDelegate.swift */; };
		95EA874E25E57E920024260C /* ViewController.swift in Sources */ = {isa = PBXBuildFile; fileRef = 95EA874D25E57E920024260C /* ViewController.swift */; };
		95EA875125E57E920024260C /* Main.storyboard in Resources */ = {isa = PBXBuildFile; fileRef = 95EA874F25E57E920024260C /* Main.storyboard */; };
		95EA875325E57E950024260C /* Assets.xcassets in Resources */ = {isa = PBXBuildFile; fileRef = 95EA875225E57E950024260C /* Assets.xcassets */; };
		95EA875625E57E950024260C /* LaunchScreen.storyboard in Resources */ = {isa = PBXBuildFile; fileRef = 95EA875425E57E950024260C /* LaunchScreen.storyboard */; };
		95EA876125E57E950024260C /* LabTests.swift in Sources */ = {isa = PBXBuildFile; fileRef = 95EA876025E57E950024260C /* LabTests.swift */; };
		95EA876C25E57E950024260C /* LabUITests.swift in Sources */ = {isa = PBXBuildFile; fileRef = 95EA876B25E57E950024260C /* LabUITests.swift */; };
/* End PBXBuildFile section */

/* Begin PBXContainerItemProxy section */
		95EA875D25E57E950024260C /* PBXContainerItemProxy */ = {
			isa = PBXContainerItemProxy;
			containerPortal = 95EA873E25E57E920024260C /* Project object */;
			proxyType = 1;
			remoteGlobalIDString = 95EA874525E57E920024260C;
			remoteInfo = Lab;
		};
		95EA876825E57E950024260C /* PBXContainerItemProxy */ = {
			isa = PBXContainerItemProxy;
			containerPortal = 95EA873E25E57E920024260C /* Project object */;
			proxyType = 1;
			remoteGlobalIDString = 95EA874525E57E920024260C;
			remoteInfo = Lab;
		};
/* End PBXContainerItemProxy section */

/* Begin PBXFileReference section */
		95EA874625E57E920024260C /* Lab.app */ = {isa = PBXFileReference; explicitFileType = wrapper.application; includeInIndex = 0; path = Lab.app; sourceTree = BUILT_PRODUCTS_DIR; };
		95EA874925E57E920024260C /* AppDelegate.swift */ = {isa = PBXFileReference; lastKnownFileType = sourcecode.swift; path = AppDelegate.swift; sourceTree = "<group>"; };
		95EA874B25E57E920024260C /* SceneDelegate.swift */ = {isa = PBXFileReference; lastKnownFileType = sourcecode.swift; path = SceneDelegate.swift; sourceTree = "<group>"; };
		95EA874D25E57E920024260C /* ViewController.swift */ = {isa = PBXFileReference; lastKnownFileType = sourcecode.swift; path = ViewController.swift; sourceTree = "<group>"; };
		95EA875025E57E920024260C /* Base */ = {isa = PBXFileReference; lastKnownFileType = file.storyboard; name = Base; path = Base.lproj/Main.storyboard; sourceTree = "<group>"; };
		95EA875225E57E950024260C /* Assets.xcassets */ = {isa = PBXFileReference; lastKnownFileType = folder.assetcatalog; path = Assets.xcassets; sourceTree = "<group>"; };
		95EA875525E57E950024260C /* Base */ = {isa = PBXFileReference; lastKnownFileType = file.storyboard; name = Base; path = Base.lproj/LaunchScreen.storyboard; sourceTree = "<group>"; };
		95EA875725E57E950024260C /* Info.plist */ = {isa = PBXFileReference; lastKnownFileType = text.plist.xml; path = Info.plist; sourceTree = "<group>"; };
		95EA875C25E57E950024260C /* LabTests.xctest */ = {isa = PBXFileReference; explicitFileType = wrapper.cfbundle; includeInIndex = 0; path = LabTests.xctest; sourceTree = BUILT_PRODUCTS_DIR; };
		95EA876025E57E950024260C /* LabTests.swift */ = {isa = PBXFileReference; lastKnownFileType = sourcecode.swift; path = LabTests.swift; sourceTree = "<group>"; };
		95EA876225E57E950024260C /* Info.plist */ = {isa = PBXFileReference; lastKnownFileType = text.plist.xml; path = Info.plist; sourceTree = "<group>"; };
		95EA876725E57E950024260C /* LabUITests.xctest */ = {isa = PBXFileReference; explicitFileType = wrapper.cfbundle; includeInIndex = 0; path = LabUITests.xctest; sourceTree = BUILT_PRODUCTS_DIR; };
		95EA876B25E57E950024260C /* LabUITests.swift */ = {isa = PBXFileReference; lastKnownFileType = sourcecode.swift; path = LabUITests.swift; sourceTree = "<group>"; };
		95EA876D25E57E950024260C /* Info.plist */ = {isa = PBXFileReference; lastKnownFileType = text.plist.xml; path = Info.plist; sourceTree = "<group>"; };
/* End PBXFileReference section */

/* Begin PBXFrameworksBuildPhase section */
		95EA874325E57E920024260C /* Frameworks */ = {
			isa = PBXFrameworksBuildPhase;
			buildActionMask = 2147483647;
			files = (
			);
			runOnlyForDeploymentPostprocessing = 0;
		};
		95EA875925E57E950024260C /* Frameworks */ = {
			isa = PBXFrameworksBuildPhase;
			buildActionMask = 2147483647;
			files = (
			);
			runOnlyForDeploymentPostprocessing = 0;
		};
		95EA876425E57E950024260C /* Frameworks */ = {
			isa = PBXFrameworksBuildPhase;
			buildActionMask = 2147483647;
			files = (
			);
			runOnlyForDeploymentPostprocessing = 0;
		};
/* End PBXFrameworksBuildPhase section */

/* Begin PBXGroup section */
		95EA873D25E57E920024260C = {
			isa = PBXGroup;
			children = (
				95EA874825E57E920024260C /* Lab */,
				95EA875F25E57E950024260C /* LabTests */,
				95EA876A25E57E950024260C /* LabUITests */,
				95EA874725E57E920024260C /* Products */,
			);
			sourceTree = "<group>";
		};
		95EA874725E57E920024260C /* Products */ = {
			isa = PBXGroup;
			children = (
				95EA874625E57E920024260C /* Lab.app */,
				95EA875C25E57E950024260C /* LabTests.xctest */,
				95EA876725E57E950024260C /* LabUITests.xctest */,
			);
			name = Products;
			sourceTree = "<group>";
		};
		95EA874825E57E920024260C /* Lab */ = {
			isa = PBXGroup;
			children = (
				95EA874925E57E920024260C /* AppDelegate.swift */,
				95EA874B25E57E920024260C /* SceneDelegate.swift */,
				95EA874D25E57E920024260C /* ViewController.swift */,
				95EA874F25E57E920024260C /* Main.storyboard */,
				95EA875225E57E950024260C /* Assets.xcassets */,
				95EA875425E57E950024260C /* LaunchScreen.storyboard */,
				95EA875725E57E950024260C /* Info.plist */,
			);
			path = Lab;
			sourceTree = "<group>";
		};
		95EA875F25E57E950024260C /* LabTests */ = {
			isa = PBXGroup;
			children = (
				95EA876025E57E950024260C /* LabTests.swift */,
				95EA876225E57E950024260C /* Info.plist */,
			);
			path = LabTests;
			sourceTree = "<group>";
		};
		95EA876A25E57E950024260C /* LabUITests */ = {
			isa = PBXGroup;
			children = (
				95EA876B25E57E950024260C /* LabUITests.swift */,
				95EA876D25E57E950024260C /* Info.plist */,
			);
			path = LabUITests;
			sourceTree = "<group>";
		};
/* End PBXGroup section */

/* Begin PBXNativeTarget section */
		95EA874525E57E920024260C /* Lab */ = {
			isa = PBXNativeTarget;
			buildConfigurationList = 95EA877025E57E950024260C /* Build configuration list for PBXNativeTarget "Lab" */;
			buildPhases = (
				95EA874225E57E920024260C /* Sources */,
				95EA874325E57E920024260C /* Frameworks */,
				95EA874425E57E920024260C /* Resources */,
			);
			buildRules = (
			);
			dependencies = (
			);
			name = Lab;
			productName = Lab;
			productReference = 95EA874625E57E920024260C /* Lab.app */;
			productType = "com.apple.product-type.application";
		};
		95EA875B25E57E950024260C /* LabTests */ = {
			isa = PBXNativeTarget;
			buildConfigurationList = 95EA877325E57E950024260C /* Build configuration list for PBXNativeTarget "LabTests" */;
			buildPhases = (
				95EA875825E57E950024260C /* Sources */,
				95EA875925E57E950024260C /* Frameworks */,
				95EA875A25E57E950024260C /* Resources */,
			);
			buildRules = (
			);
			dependencies = (
				95EA875E25E57E950024260C /* PBXTargetDependency */,
			);
			name = LabTests;
			productName = LabTests;
			productReference = 95EA875C25E57E950024260C /* LabTests.xctest */;
			productType = "com.apple.product-type.bundle.unit-test";
		};
		95EA876625E57E950024260C /* LabUITests */ = {
			isa = PBXNativeTarget;
			buildConfigurationList = 95EA877625E57E950024260C /* Build configuration list for PBXNativeTarget "LabUITests" */;
			buildPhases = (
				95EA876325E57E950024260C /* Sources */,
				95EA876425E57E950024260C /* Frameworks */,
				95EA876525E57E950024260C /* Resources */,
			);
			buildRules = (
			);
			dependencies = (
				95EA876925E57E950024260C /* PBXTargetDependency */,
			);
			name = LabUITests;
			productName = LabUITests;
			productReference = 95EA876725E57E950024260C /* LabUITests.xctest */;
			productType = "com.apple.product-type.bundle.ui-testing";
		};
/* End PBXNativeTarget section */

/* Begin PBXProject section */
		95EA873E25E57E920024260C /* Project object */ = {
			isa = PBXProject;
			attributes = {
				LastSwiftUpdateCheck = 1240;
				LastUpgradeCheck = 1240;
				TargetAttributes = {
					95EA874525E57E920024260C = {
						CreatedOnToolsVersion = 12.4;
					};
					95EA875B25E57E950024260C = {
						CreatedOnToolsVersion = 12.4;
						TestTargetID = 95EA874525E57E920024260C;
					};
					95EA876625E57E950024260C = {
						CreatedOnToolsVersion = 12.4;
						TestTargetID = 95EA874525E57E920024260C;
					};
				};
			};
			buildConfigurationList = 95EA874125E57E920024260C /* Build configuration list for PBXProject "Lab" */;
			compatibilityVersion = "Xcode 9.3";
			developmentRegion = en;
			hasScannedForEncodings = 0;
			knownRegions = (
				en,
				Base,
			);
			mainGroup = 95EA873D25E57E920024260C;
			productRefGroup = 95EA874725E57E920024260C /* Products */;
			projectDirPath = "";
			projectRoot = "";
			targets = (
				95EA874525E57E920024260C /* Lab */,
				95EA875B25E57E950024260C /* LabTests */,
				95EA876625E57E950024260C /* LabUITests */,
			);
		};
/* End PBXProject section */

/* Begin PBXResourcesBuildPhase section */
		95EA874425E57E920024260C /* Resources */ = {
			isa = PBXResourcesBuildPhase;
			buildActionMask = 2147483647;
			files = (
				95EA875625E57E950024260C /* LaunchScreen.storyboard in Resources */,
				95EA875325E57E950024260C /* Assets.xcassets in Resources */,
				95EA875125E57E920024260C /* Main.storyboard in Resources */,
			);
			runOnlyForDeploymentPostprocessing = 0;
		};
		95EA875A25E57E950024260C /* Resources */ = {
			isa = PBXResourcesBuildPhase;
			buildActionMask = 2147483647;
			files = (
			);
			runOnlyForDeploymentPostprocessing = 0;
		};
		95EA876525E57E950024260C /* Resources */ = {
			isa = PBXResourcesBuildPhase;
			buildActionMask = 2147483647;
			files = (
			);
			runOnlyForDeploymentPostprocessing = 0;
		};
/* End PBXResourcesBuildPhase section */

/* Begin PBXSourcesBuildPhase section */
		95EA874225E57E920024260C /* Sources */ = {
			isa = PBXSourcesBuildPhase;
			buildActionMask = 2147483647;
			files = (
				95EA874E25E57E920024260C /* ViewController.swift in Sources */,
				95EA874A25E57E920024260C /* AppDelegate.swift in Sources */,
				95EA874C25E57E920024260C /* SceneDelegate.swift in Sources */,
			);
			runOnlyForDeploymentPostprocessing = 0;
		};
		95EA875825E57E950024260C /* Sources */ = {
			isa = PBXSourcesBuildPhase;
			buildActionMask = 2147483647;
			files = (
				95EA876125E57E950024260C /* LabTests.swift in Sources */,
			);
			runOnlyForDeploymentPostprocessing = 0;
		};
		95EA876325E57E950024260C /* Sources */ = {
			isa = PBXSourcesBuildPhase;
			buildActionMask = 2147483647;
			files = (
				95EA876C25E57E950024260C /* LabUITests.swift in Sources */,
			);
			runOnlyForDeploymentPostprocessing = 0;
		};
/* End PBXSourcesBuildPhase section */

/* Begin PBXTargetDependency section */
		95EA875E25E57E950024260C /* PBXTargetDependency */ = {
			isa = PBXTargetDependency;
			target = 95EA874525E57E920024260C /* Lab */;
			targetProxy = 95EA875D25E57E950024260C /* PBXContainerItemProxy */;
		};
		95EA876925E57E950024260C /* PBXTargetDependency */ = {
			isa = PBXTargetDependency;
			target = 95EA874525E57E920024260C /* Lab */;
			targetProxy = 95EA876825E57E950024260C /* PBXContainerItemProxy */;
		};
/* End PBXTargetDependency section */

/* Begin PBXVariantGroup section */
		95EA874F25E57E920024260C /* Main.storyboard */ = {
			isa = PBXVariantGroup;
			children = (
				95EA875025E57E920024260C /* Base */,
			);
			name = Main.storyboard;
			sourceTree = "<group>";
		};
		95EA875425E57E950024260C /* LaunchScreen.storyboard */ = {
			isa = PBXVariantGroup;
			children = (
				95EA875525E57E950024260C /* Base */,
			);
			name = LaunchScreen.storyboard;
			sourceTree = "<group>";
		};
/* End PBXVariantGroup section */

/* Begin XCBuildConfiguration section */
		95EA876E25E57E950024260C /* Debug */ = {
			isa = XCBuildConfiguration;
			buildSettings = {
				ALWAYS_SEARCH_USER_PATHS = NO;
				CLANG_ANALYZER_NONNULL = YES;
				CLANG_ANALYZER_NUMBER_OBJECT_CONVERSION = YES_AGGRESSIVE;
				CLANG_CXX_LANGUAGE_STANDARD = "gnu++14";
				CLANG_CXX_LIBRARY = "libc++";
				CLANG_ENABLE_MODULES = YES;
				CLANG_ENABLE_OBJC_ARC = YES;
				CLANG_ENABLE_OBJC_WEAK = YES;
				CLANG_WARN_BLOCK_CAPTURE_AUTORELEASING = YES;
				CLANG_WARN_BOOL_CONVERSION = YES;
				CLANG_WARN_COMMA = YES;
				CLANG_WARN_CONSTANT_CONVERSION = YES;
				CLANG_WARN_DEPRECATED_OBJC_IMPLEMENTATIONS = YES;
				CLANG_WARN_DIRECT_OBJC_ISA_USAGE = YES_ERROR;
				CLANG_WARN_DOCUMENTATION_COMMENTS = YES;
				CLANG_WARN_EMPTY_BODY = YES;
				CLANG_WARN_ENUM_CONVERSION = YES;
				CLANG_WARN_INFINITE_RECURSION = YES;
				CLANG_WARN_INT_CONVERSION = YES;
				CLANG_WARN_NON_LITERAL_NULL_CONVERSION = YES;
				CLANG_WARN_OBJC_IMPLICIT_RETAIN_SELF = YES;
				CLANG_WARN_OBJC_LITERAL_CONVERSION = YES;
				CLANG_WARN_OBJC_ROOT_CLASS = YES_ERROR;
				CLANG_WARN_QUOTED_INCLUDE_IN_FRAMEWORK_HEADER = YES;
				CLANG_WARN_RANGE_LOOP_ANALYSIS = YES;
				CLANG_WARN_STRICT_PROTOTYPES = YES;
				CLANG_WARN_SUSPICIOUS_MOVE = YES;
				CLANG_WARN_UNGUARDED_AVAILABILITY = YES_AGGRESSIVE;
				CLANG_WARN_UNREACHABLE_CODE = YES;
				CLANG_WARN__DUPLICATE_METHOD_MATCH = YES;
				COPY_PHASE_STRIP = NO;
				DEBUG_INFORMATION_FORMAT = dwarf;
				ENABLE_STRICT_OBJC_MSGSEND = YES;
				ENABLE_TESTABILITY = YES;
				GCC_C_LANGUAGE_STANDARD = gnu11;
				GCC_DYNAMIC_NO_PIC = NO;
				GCC_NO_COMMON_BLOCKS = YES;
				GCC_OPTIMIZATION_LEVEL = 0;
				GCC_PREPROCESSOR_DEFINITIONS = (
					"DEBUG=1",
					"$(inherited)",
				);
				GCC_WARN_64_TO_32_BIT_CONVERSION = YES;
				GCC_WARN_ABOUT_RETURN_TYPE = YES_ERROR;
				GCC_WARN_UNDECLARED_SELECTOR = YES;
				GCC_WARN_UNINITIALIZED_AUTOS = YES_AGGRESSIVE;
				GCC_WARN_UNUSED_FUNCTION = YES;
				GCC_WARN_UNUSED_VARIABLE = YES;
				IPHONEOS_DEPLOYMENT_TARGET = 14.4;
				MTL_ENABLE_DEBUG_INFO = INCLUDE_SOURCE;
				MTL_FAST_MATH = YES;
				ONLY_ACTIVE_ARCH = YES;
				SDKROOT = iphoneos;
				SWIFT_ACTIVE_COMPILATION_CONDITIONS = DEBUG;
				SWIFT_OPTIMIZATION_LEVEL = "-Onone";
			};
			name = Debug;
		};
		95EA876F25E57E950024260C /* Release */ = {
			isa = XCBuildConfiguration;
			buildSettings = {
				ALWAYS_SEARCH_USER_PATHS = NO;
				CLANG_ANALYZER_NONNULL = YES;
				CLANG_ANALYZER_NUMBER_OBJECT_CONVERSION = YES_AGGRESSIVE;
				CLANG_CXX_LANGUAGE_STANDARD = "gnu++14";
				CLANG_CXX_LIBRARY = "libc++";
				CLANG_ENABLE_MODULES = YES;
				CLANG_ENABLE_OBJC_ARC = YES;
				CLANG_ENABLE_OBJC_WEAK = YES;
				CLANG_WARN_BLOCK_CAPTURE_AUTORELEASING = YES;
				CLANG_WARN_BOOL_CONVERSION = YES;
				CLANG_WARN_COMMA = YES;
				CLANG_WARN_CONSTANT_CONVERSION = YES;
				CLANG_WARN_DEPRECATED_OBJC_IMPLEMENTATIONS = YES;
				CLANG_WARN_DIRECT_OBJC_ISA_USAGE = YES_ERROR;
				CLANG_WARN_DOCUMENTATION_COMMENTS = YES;
				CLANG_WARN_EMPTY_BODY = YES;
				CLANG_WARN_ENUM_CONVERSION = YES;
				CLANG_WARN_INFINITE_RECURSION = YES;
				CLANG_WARN_INT_CONVERSION = YES;
				CLANG_WARN_NON_LITERAL_NULL_CONVERSION = YES;
				CLANG_WARN_OBJC_IMPLICIT_RETAIN_SELF = YES;
				CLANG_WARN_OBJC_LITERAL_CONVERSION = YES;
				CLANG_WARN_OBJC_ROOT_CLASS = YES_ERROR;
				CLANG_WARN_QUOTED_INCLUDE_IN_FRAMEWORK_HEADER = YES;
				CLANG_WARN_RANGE_LOOP_ANALYSIS = YES;
				CLANG_WARN_STRICT_PROTOTYPES = YES;
				CLANG_WARN_SUSPICIOUS_MOVE = YES;
				CLANG_WARN_UNGUARDED_AVAILABILITY = YES_AGGRESSIVE;
				CLANG_WARN_UNREACHABLE_CODE = YES;
				CLANG_WARN__DUPLICATE_METHOD_MATCH = YES;
				COPY_PHASE_STRIP = NO;
				DEBUG_INFORMATION_FORMAT = "dwarf-with-dsym";
				ENABLE_NS_ASSERTIONS = NO;
				ENABLE_STRICT_OBJC_MSGSEND = YES;
				GCC_C_LANGUAGE_STANDARD = gnu11;
				GCC_NO_COMMON_BLOCKS = YES;
				GCC_WARN_64_TO_32_BIT_CONVERSION = YES;
				GCC_WARN_ABOUT_RETURN_TYPE = YES_ERROR;
				GCC_WARN_UNDECLARED_SELECTOR = YES;
				GCC_WARN_UNINITIALIZED_AUTOS = YES_AGGRESSIVE;
				GCC_WARN_UNUSED_FUNCTION = YES;
				GCC_WARN_UNUSED_VARIABLE = YES;
				IPHONEOS_DEPLOYMENT_TARGET = 14.4;
				MTL_ENABLE_DEBUG_INFO = NO;
				MTL_FAST_MATH = YES;
				SDKROOT = iphoneos;
				SWIFT_COMPILATION_MODE = wholemodule;
				SWIFT_OPTIMIZATION_LEVEL = "-O";
				VALIDATE_PRODUCT = YES;
			};
			name = Release;
		};
		95EA877125E57E950024260C /* Debug */ = {
			isa = XCBuildConfiguration;
			buildSettings = {
				ASSETCATALOG_COMPILER_APPICON_NAME = AppIcon;
				ASSETCATALOG_COMPILER_GLOBAL_ACCENT_COLOR_NAME = AccentColor;
				CODE_SIGN_STYLE = Automatic;
				INFOPLIST_FILE = Lab/Info.plist;
				LD_RUNPATH_SEARCH_PATHS = (
					"$(inherited)",
					"@executable_path/Frameworks",
				);
				PRODUCT_BUNDLE_IDENTIFIER = anna.Lab;
				PRODUCT_NAME = "$(TARGET_NAME)";
				SWIFT_VERSION = 5.0;
				TARGETED_DEVICE_FAMILY = "1,2";
			};
			name = Debug;
		};
		95EA877225E57E950024260C /* Release */ = {
			isa = XCBuildConfiguration;
			buildSettings = {
				ASSETCATALOG_COMPILER_APPICON_NAME = AppIcon;
				ASSETCATALOG_COMPILER_GLOBAL_ACCENT_COLOR_NAME = AccentColor;
				CODE_SIGN_STYLE = Automatic;
				INFOPLIST_FILE = Lab/Info.plist;
				LD_RUNPATH_SEARCH_PATHS = (
					"$(inherited)",
					"@executable_path/Frameworks",
				);
				PRODUCT_BUNDLE_IDENTIFIER = anna.Lab;
				PRODUCT_NAME = "$(TARGET_NAME)";
				SWIFT_VERSION = 5.0;
				TARGETED_DEVICE_FAMILY = "1,2";
			};
			name = Release;
		};
		95EA877425E57E950024260C /* Debug */ = {
			isa = XCBuildConfiguration;
			buildSettings = {
				ALWAYS_EMBED_SWIFT_STANDARD_LIBRARIES = YES;
				BUNDLE_LOADER = "$(TEST_HOST)";
				CODE_SIGN_STYLE = Automatic;
				INFOPLIST_FILE = LabTests/Info.plist;
				IPHONEOS_DEPLOYMENT_TARGET = 14.4;
				LD_RUNPATH_SEARCH_PATHS = (
					"$(inherited)",
					"@executable_path/Frameworks",
					"@loader_path/Frameworks",
				);
				PRODUCT_BUNDLE_IDENTIFIER = anna.LabTests;
				PRODUCT_NAME = "$(TARGET_NAME)";
				SWIFT_VERSION = 5.0;
				TARGETED_DEVICE_FAMILY = "1,2";
				TEST_HOST = "$(BUILT_PRODUCTS_DIR)/Lab.app/Lab";
			};
			name = Debug;
		};
		95EA877525E57E950024260C /* Release */ = {
			isa = XCBuildConfiguration;
			buildSettings = {
				ALWAYS_EMBED_SWIFT_STANDARD_LIBRARIES = YES;
				BUNDLE_LOADER = "$(TEST_HOST)";
				CODE_SIGN_STYLE = Automatic;
				INFOPLIST_FILE = LabTests/Info.plist;
				IPHONEOS_DEPLOYMENT_TARGET = 14.4;
				LD_RUNPATH_SEARCH_PATHS = (
					"$(inherited)",
					"@executable_path/Frameworks",
					"@loader_path/Frameworks",
				);
				PRODUCT_BUNDLE_IDENTIFIER = anna.LabTests;
				PRODUCT_NAME = "$(TARGET_NAME)";
				SWIFT_VERSION = 5.0;
				TARGETED_DEVICE_FAMILY = "1,2";
				TEST_HOST = "$(BUILT_PRODUCTS_DIR)/Lab.app/Lab";
			};
			name = Release;
		};
		95EA877725E57E950024260C /* Debug */ = {
			isa = XCBuildConfiguration;
			buildSettings = {
				ALWAYS_EMBED_SWIFT_STANDARD_LIBRARIES = YES;
				CODE_SIGN_STYLE = Automatic;
				INFOPLIST_FILE = LabUITests/Info.plist;
				LD_RUNPATH_SEARCH_PATHS = (
					"$(inherited)",
					"@executable_path/Frameworks",
					"@loader_path/Frameworks",
				);
				PRODUCT_BUNDLE_IDENTIFIER = anna.LabUITests;
				PRODUCT_NAME = "$(TARGET_NAME)";
				SWIFT_VERSION = 5.0;
				TARGETED_DEVICE_FAMILY = "1,2";
				TEST_TARGET_NAME = Lab;
			};
			name = Debug;
		};
		95EA877825E57E950024260C /* Release */ = {
			isa = XCBuildConfiguration;
			buildSettings = {
				ALWAYS_EMBED_SWIFT_STANDARD_LIBRARIES = YES;
				CODE_SIGN_STYLE = Automatic;
				INFOPLIST_FILE = LabUITests/Info.plist;
				LD_RUNPATH_SEARCH_PATHS = (
					"$(inherited)",
					"@executable_path/Frameworks",
					"@loader_path/Frameworks",
				);
				PRODUCT_BUNDLE_IDENTIFIER = anna.LabUITests;
				PRODUCT_NAME = "$(TARGET_NAME)";
				SWIFT_VERSION = 5.0;
				TARGETED_DEVICE_FAMILY = "1,2";
				TEST_TARGET_NAME = Lab;
			};
			name = Release;
		};
/* End XCBuildConfiguration section */

/* Begin XCConfigurationList section */
		95EA874125E57E920024260C /* Build configuration list for PBXProject "Lab" */ = {
			isa = XCConfigurationList;
			buildConfigurations = (
				95EA876E25E57E950024260C /* Debug */,
				95EA876F25E57E950024260C /* Release */,
			);
			defaultConfigurationIsVisible = 0;
			defaultConfigurationName = Release;
		};
		95EA877025E57E950024260C /* Build configuration list for PBXNativeTarget "Lab" */ = {
			isa = XCConfigurationList;
			buildConfigurations = (
				95EA877125E57E950024260C /* Debug */,
				95EA877225E57E950024260C /* Release */,
			);
			defaultConfigurationIsVisible = 0;
			defaultConfigurationName = Release;
		};
		95EA877325E57E950024260C /* Build configuration list for PBXNativeTarget "LabTests" */ = {
			isa = XCConfigurationList;
			buildConfigurations = (
				95EA877425E57E950024260C /* Debug */,
				95EA877525E57E950024260C /* Release */,
			);
			defaultConfigurationIsVisible = 0;
			defaultConfigurationName = Release;
		};
		95EA877625E57E950024260C /* Build configuration list for PBXNativeTarget "LabUITests" */ = {
			isa = XCConfigurationList;
			buildConfigurations = (
				95EA877725E57E950024260C /* Debug */,
				95EA877825E57E950024260C /* Release */,
			);
			defaultConfigurationIsVisible = 0;
			defaultConfigurationName = Release;
		};
/* End XCConfigurationList section */
	};
	rootObject = 95EA873E25E57E920024260C /* Project object */;
}
